
Microsoft Visual Studio Solution File, Format Version 12.00
# Visual Studio Version 17
VisualStudioVersion = 17.14.36603.0
MinimumVisualStudioVersion = 10.0.40219.1
Project("{FAE04EC0-301F-11D3-BF4B-00C04F79EFBC}") = "LanguagePacksCheckerAndSetter", "LanguagePacksCheckerAndSetter\LanguagePacksCheckerAndSetter.csproj", "{C2883BE7-D1D4-49FD-A61B-FAE54C91C01A}"
EndProject
Global
	GlobalSection(SolutionConfigurationPlatforms) = preSolution
		Debug|Any CPU = Debug|Any CPU
		Debug|x64 = Debug|x64
		Release|Any CPU = Release|Any CPU
		Release|x64 = Release|x64
	EndGlobalSection
	GlobalSection(ProjectConfigurationPlatforms) = postSolution
		{C2883BE7-D1D4-49FD-A61B-FAE54C91C01A}.Debug|Any CPU.ActiveCfg = Debug|Any CPU
		{C2883BE7-D1D4-49FD-A61B-FAE54C91C01A}.Debug|Any CPU.Build.0 = Debug|Any CPU
		{C2883BE7-D1D4-49FD-A61B-FAE54C91C01A}.Debug|x64.ActiveCfg = Debug|Any CPU
		{C2883BE7-D1D4-49FD-A61B-FAE54C91C01A}.Debug|x64.Build.0 = Debug|Any CPU
		{C2883BE7-D1D4-49FD-A61B-FAE54C91C01A}.Release|Any CPU.ActiveCfg = Release|Any CPU
		{C2883BE7-D1D4-49FD-A61B-FAE54C91C01A}.Release|Any CPU.Build.0 = Release|Any CPU
		{C2883BE7-D1D4-49FD-A61B-FAE54C91C01A}.Release|x64.ActiveCfg = Release|Any CPU
	EndGlobalSection
	GlobalSection(SolutionProperties) = preSolution
		HideSolutionNode = FALSE
	EndGlobalSection
	GlobalSection(ExtensibilityGlobals) = postSolution
		SolutionGuid = {27D7BBC1-5014-4E21-ACBA-6FB7F5AB4001}
	EndGlobalSection
EndGlobal
